
Microsoft Visual Studio Solution File, Format Version 12.00
# Visual Studio Version 17
VisualStudioVersion = 17.0.31903.59
MinimumVisualStudioVersion = 10.0.40219.1
Project("{9A19103F-16F7-4668-BE54-9A1E7A4F7556}") = "CoffeeShop.App", "CoffeeShop.App\CoffeeShop.App.csproj", "{DE5AEDF8-C072-4415-87B8-8C5C7B5CEF25}"
EndProject
Project("{9A19103F-16F7-4668-BE54-9A1E7A4F7556}") = "CoffeeShop.Generator", "CoffeeShop.Generator\CoffeeShop.Generator.csproj", "{980C30DF-8547-434E-AC18-140DBA1B43D8}"
EndProject
Global
	GlobalSection(SolutionConfigurationPlatforms) = preSolution
		Debug|Any CPU = Debug|Any CPU
		Release|Any CPU = Release|Any CPU
	EndGlobalSection
	GlobalSection(ProjectConfigurationPlatforms) = postSolution
		{DE5AEDF8-C072-4415-87B8-8C5C7B5CEF25}.Debug|Any CPU.ActiveCfg = Debug|Any CPU
		{DE5AEDF8-C072-4415-87B8-8C5C7B5CEF25}.Debug|Any CPU.Build.0 = Debug|Any CPU
		{DE5AEDF8-C072-4415-87B8-8C5C7B5CEF25}.Release|Any CPU.ActiveCfg = Release|Any CPU
		{DE5AEDF8-C072-4415-87B8-8C5C7B5CEF25}.Release|Any CPU.Build.0 = Release|Any CPU
		{980C30DF-8547-434E-AC18-140DBA1B43D8}.Debug|Any CPU.ActiveCfg = Debug|Any CPU
		{980C30DF-8547-434E-AC18-140DBA1B43D8}.Debug|Any CPU.Build.0 = Debug|Any CPU
		{980C30DF-8547-434E-AC18-140DBA1B43D8}.Release|Any CPU.ActiveCfg = Release|Any CPU
		{980C30DF-8547-434E-AC18-140DBA1B43D8}.Release|Any CPU.Build.0 = Release|Any CPU
	EndGlobalSection
	GlobalSection(SolutionProperties) = preSolution
		HideSolutionNode = FALSE
	EndGlobalSection
EndGlobal
